
Microsoft Visual Studio Solution File, Format Version 12.00
# Visual Studio Version 17
VisualStudioVersion = 17.9.34622.214
MinimumVisualStudioVersion = 10.0.40219.1
Project("{FAE04EC0-301F-11D3-BF4B-00C04F79EFBC}") = "PhoneBook", "PhoneBook\PhoneBook.csproj", "{A0D07390-85B7-427A-A7B3-A6E02482A77A}"
EndProject
Global
	GlobalSection(SolutionConfigurationPlatforms) = preSolution
		Debug|Any CPU = Debug|Any CPU
		Release|Any CPU = Release|Any CPU
	EndGlobalSection
	GlobalSection(ProjectConfigurationPlatforms) = postSolution
		{A0D07390-85B7-427A-A7B3-A6E02482A77A}.Debug|Any CPU.ActiveCfg = Debug|Any CPU
		{A0D07390-85B7-427A-A7B3-A6E02482A77A}.Debug|Any CPU.Build.0 = Debug|Any CPU
		{A0D07390-85B7-427A-A7B3-A6E02482A77A}.Release|Any CPU.ActiveCfg = Release|Any CPU
		{A0D07390-85B7-427A-A7B3-A6E02482A77A}.Release|Any CPU.Build.0 = Release|Any CPU
	EndGlobalSection
	GlobalSection(SolutionProperties) = preSolution
		HideSolutionNode = FALSE
	EndGlobalSection
	GlobalSection(ExtensibilityGlobals) = postSolution
		SolutionGuid = {5D1A15C2-6CDB-4744-8A3A-A315FCC3B5A0}
	EndGlobalSection
EndGlobal
